
Microsoft Visual Studio Solution File, Format Version 12.00
# Visual Studio Version 17
VisualStudioVersion = 17.1.32228.430
MinimumVisualStudioVersion = 10.0.40219.1
Project("{FAE04EC0-301F-11D3-BF4B-00C04F79EFBC}") = "1.Browser_windows", "1.Browser_windows.csproj", "{6E8B3279-A324-473F-BECA-20611A899E91}"
EndProject
Project("{FAE04EC0-301F-11D3-BF4B-00C04F79EFBC}") = "2.Alerts", "..\2.Alerts\2.Alerts.csproj", "{B3758F0B-8A6D-4279-889E-6A3B4BD41FC0}"
EndProject
Project("{FAE04EC0-301F-11D3-BF4B-00C04F79EFBC}") = "3.Frames", "..\3.Frames\3.Frames.csproj", "{BEF13687-B819-4CF4-9FC8-02908C4DD20B}"
EndProject
Project("{FAE04EC0-301F-11D3-BF4B-00C04F79EFBC}") = "4.Nested_frames", "..\4.Nested_frames\4.Nested_frames.csproj", "{D07644C0-B6D1-4E98-9329-E246596E1638}"
EndProject
Project("{FAE04EC0-301F-11D3-BF4B-00C04F79EFBC}") = "5.Modals", "..\5.Modals\5.Modals.csproj", "{54982A82-0839-4280-80C0-07B603DC1E24}"
EndProject
Global
	GlobalSection(SolutionConfigurationPlatforms) = preSolution
		Debug|Any CPU = Debug|Any CPU
		Release|Any CPU = Release|Any CPU
	EndGlobalSection
	GlobalSection(ProjectConfigurationPlatforms) = postSolution
		{6E8B3279-A324-473F-BECA-20611A899E91}.Debug|Any CPU.ActiveCfg = Debug|Any CPU
		{6E8B3279-A324-473F-BECA-20611A899E91}.Debug|Any CPU.Build.0 = Debug|Any CPU
		{6E8B3279-A324-473F-BECA-20611A899E91}.Release|Any CPU.ActiveCfg = Release|Any CPU
		{6E8B3279-A324-473F-BECA-20611A899E91}.Release|Any CPU.Build.0 = Release|Any CPU
		{B3758F0B-8A6D-4279-889E-6A3B4BD41FC0}.Debug|Any CPU.ActiveCfg = Debug|Any CPU
		{B3758F0B-8A6D-4279-889E-6A3B4BD41FC0}.Debug|Any CPU.Build.0 = Debug|Any CPU
		{B3758F0B-8A6D-4279-889E-6A3B4BD41FC0}.Release|Any CPU.ActiveCfg = Release|Any CPU
		{B3758F0B-8A6D-4279-889E-6A3B4BD41FC0}.Release|Any CPU.Build.0 = Release|Any CPU
		{BEF13687-B819-4CF4-9FC8-02908C4DD20B}.Debug|Any CPU.ActiveCfg = Debug|Any CPU
		{BEF13687-B819-4CF4-9FC8-02908C4DD20B}.Debug|Any CPU.Build.0 = Debug|Any CPU
		{BEF13687-B819-4CF4-9FC8-02908C4DD20B}.Release|Any CPU.ActiveCfg = Release|Any CPU
		{BEF13687-B819-4CF4-9FC8-02908C4DD20B}.Release|Any CPU.Build.0 = Release|Any CPU
		{D07644C0-B6D1-4E98-9329-E246596E1638}.Debug|Any CPU.ActiveCfg = Debug|Any CPU
		{D07644C0-B6D1-4E98-9329-E246596E1638}.Debug|Any CPU.Build.0 = Debug|Any CPU
		{D07644C0-B6D1-4E98-9329-E246596E1638}.Release|Any CPU.ActiveCfg = Release|Any CPU
		{D07644C0-B6D1-4E98-9329-E246596E1638}.Release|Any CPU.Build.0 = Release|Any CPU
		{54982A82-0839-4280-80C0-07B603DC1E24}.Debug|Any CPU.ActiveCfg = Debug|Any CPU
		{54982A82-0839-4280-80C0-07B603DC1E24}.Debug|Any CPU.Build.0 = Debug|Any CPU
		{54982A82-0839-4280-80C0-07B603DC1E24}.Release|Any CPU.ActiveCfg = Release|Any CPU
		{54982A82-0839-4280-80C0-07B603DC1E24}.Release|Any CPU.Build.0 = Release|Any CPU
	EndGlobalSection
	GlobalSection(SolutionProperties) = preSolution
		HideSolutionNode = FALSE
	EndGlobalSection
	GlobalSection(ExtensibilityGlobals) = postSolution
		SolutionGuid = {345A9620-9846-494F-BCF8-2DD967E9CF7B}
	EndGlobalSection
EndGlobal
