
Microsoft Visual Studio Solution File, Format Version 12.00
# Visual Studio Version 17
VisualStudioVersion = 17.1.32228.430
MinimumVisualStudioVersion = 10.0.40219.1
Project("{FAE04EC0-301F-11D3-BF4B-00C04F79EFBC}") = "1.Sortable", "1.Sortable.csproj", "{12CD2728-1DA4-4866-BA41-D977AB44F653}"
EndProject
Project("{FAE04EC0-301F-11D3-BF4B-00C04F79EFBC}") = "2.Selectable", "..\2.Selectable\2.Selectable.csproj", "{03C4E2D7-A662-4206-B0DE-61C30F7A56B7}"
EndProject
Project("{FAE04EC0-301F-11D3-BF4B-00C04F79EFBC}") = "3.Resizable", "..\3.Resizable\3.Resizable.csproj", "{B762F20E-E044-4B89-A349-4619A11BCB5E}"
EndProject
Project("{FAE04EC0-301F-11D3-BF4B-00C04F79EFBC}") = "4.Droppable", "..\4.Droppable\4.Droppable.csproj", "{89AB07A6-A519-4DC3-BB35-26F21C9F422E}"
EndProject
Project("{FAE04EC0-301F-11D3-BF4B-00C04F79EFBC}") = "5.Draggable", "..\5.Draggable\5.Draggable.csproj", "{E960DE00-D202-46A9-9138-DE48B480E390}"
EndProject
Global
	GlobalSection(SolutionConfigurationPlatforms) = preSolution
		Debug|Any CPU = Debug|Any CPU
		Release|Any CPU = Release|Any CPU
	EndGlobalSection
	GlobalSection(ProjectConfigurationPlatforms) = postSolution
		{12CD2728-1DA4-4866-BA41-D977AB44F653}.Debug|Any CPU.ActiveCfg = Debug|Any CPU
		{12CD2728-1DA4-4866-BA41-D977AB44F653}.Debug|Any CPU.Build.0 = Debug|Any CPU
		{12CD2728-1DA4-4866-BA41-D977AB44F653}.Release|Any CPU.ActiveCfg = Release|Any CPU
		{12CD2728-1DA4-4866-BA41-D977AB44F653}.Release|Any CPU.Build.0 = Release|Any CPU
		{03C4E2D7-A662-4206-B0DE-61C30F7A56B7}.Debug|Any CPU.ActiveCfg = Debug|Any CPU
		{03C4E2D7-A662-4206-B0DE-61C30F7A56B7}.Debug|Any CPU.Build.0 = Debug|Any CPU
		{03C4E2D7-A662-4206-B0DE-61C30F7A56B7}.Release|Any CPU.ActiveCfg = Release|Any CPU
		{03C4E2D7-A662-4206-B0DE-61C30F7A56B7}.Release|Any CPU.Build.0 = Release|Any CPU
		{B762F20E-E044-4B89-A349-4619A11BCB5E}.Debug|Any CPU.ActiveCfg = Debug|Any CPU
		{B762F20E-E044-4B89-A349-4619A11BCB5E}.Debug|Any CPU.Build.0 = Debug|Any CPU
		{B762F20E-E044-4B89-A349-4619A11BCB5E}.Release|Any CPU.ActiveCfg = Release|Any CPU
		{B762F20E-E044-4B89-A349-4619A11BCB5E}.Release|Any CPU.Build.0 = Release|Any CPU
		{89AB07A6-A519-4DC3-BB35-26F21C9F422E}.Debug|Any CPU.ActiveCfg = Debug|Any CPU
		{89AB07A6-A519-4DC3-BB35-26F21C9F422E}.Debug|Any CPU.Build.0 = Debug|Any CPU
		{89AB07A6-A519-4DC3-BB35-26F21C9F422E}.Release|Any CPU.ActiveCfg = Release|Any CPU
		{89AB07A6-A519-4DC3-BB35-26F21C9F422E}.Release|Any CPU.Build.0 = Release|Any CPU
		{E960DE00-D202-46A9-9138-DE48B480E390}.Debug|Any CPU.ActiveCfg = Debug|Any CPU
		{E960DE00-D202-46A9-9138-DE48B480E390}.Debug|Any CPU.Build.0 = Debug|Any CPU
		{E960DE00-D202-46A9-9138-DE48B480E390}.Release|Any CPU.ActiveCfg = Release|Any CPU
		{E960DE00-D202-46A9-9138-DE48B480E390}.Release|Any CPU.Build.0 = Release|Any CPU
	EndGlobalSection
	GlobalSection(SolutionProperties) = preSolution
		HideSolutionNode = FALSE
	EndGlobalSection
	GlobalSection(ExtensibilityGlobals) = postSolution
		SolutionGuid = {2F51CF86-617C-4040-B80B-5E2BCDE1E9D2}
	EndGlobalSection
EndGlobal
